
Microsoft Visual Studio Solution File, Format Version 12.00
# Visual Studio Version 16
VisualStudioVersion = 16.0.29519.181
MinimumVisualStudioVersion = 10.0.40219.1
Project("{FAE04EC0-301F-11D3-BF4B-00C04F79EFBC}") = "antras_darbas", "antras_darbas\antras_darbas.csproj", "{A772CD34-93DB-41A6-82A9-706DF40B9C96}"
EndProject
Global
	GlobalSection(SolutionConfigurationPlatforms) = preSolution
		Debug|Any CPU = Debug|Any CPU
		Release|Any CPU = Release|Any CPU
	EndGlobalSection
	GlobalSection(ProjectConfigurationPlatforms) = postSolution
		{A772CD34-93DB-41A6-82A9-706DF40B9C96}.Debug|Any CPU.ActiveCfg = Debug|Any CPU
		{A772CD34-93DB-41A6-82A9-706DF40B9C96}.Debug|Any CPU.Build.0 = Debug|Any CPU
		{A772CD34-93DB-41A6-82A9-706DF40B9C96}.Release|Any CPU.ActiveCfg = Release|Any CPU
		{A772CD34-93DB-41A6-82A9-706DF40B9C96}.Release|Any CPU.Build.0 = Release|Any CPU
	EndGlobalSection
	GlobalSection(SolutionProperties) = preSolution
		HideSolutionNode = FALSE
	EndGlobalSection
	GlobalSection(ExtensibilityGlobals) = postSolution
		SolutionGuid = {27F87696-F4F7-4686-8353-85A65A5561CD}
	EndGlobalSection
EndGlobal
