
Microsoft Visual Studio Solution File, Format Version 12.00
# Visual Studio Version 16
VisualStudioVersion = 16.0.29519.181
MinimumVisualStudioVersion = 10.0.40219.1
Project("{FAE04EC0-301F-11D3-BF4B-00C04F79EFBC}") = "penktas_darbas", "penktas_darbas\penktas_darbas.csproj", "{2BEBEFA1-D127-4104-BC69-7BFE62F18008}"
EndProject
Global
	GlobalSection(SolutionConfigurationPlatforms) = preSolution
		Debug|Any CPU = Debug|Any CPU
		Release|Any CPU = Release|Any CPU
	EndGlobalSection
	GlobalSection(ProjectConfigurationPlatforms) = postSolution
		{2BEBEFA1-D127-4104-BC69-7BFE62F18008}.Debug|Any CPU.ActiveCfg = Debug|Any CPU
		{2BEBEFA1-D127-4104-BC69-7BFE62F18008}.Debug|Any CPU.Build.0 = Debug|Any CPU
		{2BEBEFA1-D127-4104-BC69-7BFE62F18008}.Release|Any CPU.ActiveCfg = Release|Any CPU
		{2BEBEFA1-D127-4104-BC69-7BFE62F18008}.Release|Any CPU.Build.0 = Release|Any CPU
	EndGlobalSection
	GlobalSection(SolutionProperties) = preSolution
		HideSolutionNode = FALSE
	EndGlobalSection
	GlobalSection(ExtensibilityGlobals) = postSolution
		SolutionGuid = {57473535-E040-4387-8F19-FF24CE3CFC51}
	EndGlobalSection
EndGlobal
