
Microsoft Visual Studio Solution File, Format Version 12.00
# Visual Studio Version 16
VisualStudioVersion = 16.0.29519.181
MinimumVisualStudioVersion = 10.0.40219.1
Project("{FAE04EC0-301F-11D3-BF4B-00C04F79EFBC}") = "operatoriai_antras", "operatoriai_antras\operatoriai_antras.csproj", "{8E2D702D-FCB4-4F98-B96C-8A4936A6FED8}"
EndProject
Global
	GlobalSection(SolutionConfigurationPlatforms) = preSolution
		Debug|Any CPU = Debug|Any CPU
		Release|Any CPU = Release|Any CPU
	EndGlobalSection
	GlobalSection(ProjectConfigurationPlatforms) = postSolution
		{8E2D702D-FCB4-4F98-B96C-8A4936A6FED8}.Debug|Any CPU.ActiveCfg = Debug|Any CPU
		{8E2D702D-FCB4-4F98-B96C-8A4936A6FED8}.Debug|Any CPU.Build.0 = Debug|Any CPU
		{8E2D702D-FCB4-4F98-B96C-8A4936A6FED8}.Release|Any CPU.ActiveCfg = Release|Any CPU
		{8E2D702D-FCB4-4F98-B96C-8A4936A6FED8}.Release|Any CPU.Build.0 = Release|Any CPU
	EndGlobalSection
	GlobalSection(SolutionProperties) = preSolution
		HideSolutionNode = FALSE
	EndGlobalSection
	GlobalSection(ExtensibilityGlobals) = postSolution
		SolutionGuid = {AAF2DCA1-B4AA-467B-A522-488090A60E97}
	EndGlobalSection
EndGlobal
